
Microsoft Visual Studio Solution File, Format Version 12.00
# Visual Studio Version 16
VisualStudioVersion = 16.0.29009.5
MinimumVisualStudioVersion = 10.0.40219.1
Project("{FAE04EC0-301F-11D3-BF4B-00C04F79EFBC}") = "client", "client\client.csproj", "{C1DD4FB8-C41B-47DE-88B7-AA623A819F88}"
EndProject
Global
	GlobalSection(SolutionConfigurationPlatforms) = preSolution
		Debug|Any CPU = Debug|Any CPU
		Release|Any CPU = Release|Any CPU
	EndGlobalSection
	GlobalSection(ProjectConfigurationPlatforms) = postSolution
		{C1DD4FB8-C41B-47DE-88B7-AA623A819F88}.Debug|Any CPU.ActiveCfg = Debug|Any CPU
		{C1DD4FB8-C41B-47DE-88B7-AA623A819F88}.Debug|Any CPU.Build.0 = Debug|Any CPU
		{C1DD4FB8-C41B-47DE-88B7-AA623A819F88}.Release|Any CPU.ActiveCfg = Release|Any CPU
		{C1DD4FB8-C41B-47DE-88B7-AA623A819F88}.Release|Any CPU.Build.0 = Release|Any CPU
	EndGlobalSection
	GlobalSection(SolutionProperties) = preSolution
		HideSolutionNode = FALSE
	EndGlobalSection
	GlobalSection(ExtensibilityGlobals) = postSolution
		SolutionGuid = {A3D4F1FC-15EF-4B89-8E27-EA45DDABB852}
	EndGlobalSection
EndGlobal
